
Microsoft Visual Studio Solution File, Format Version 12.00
# Visual Studio 15
Project("{FAE04EC0-301F-11D3-BF4B-00C04F79EFBC}") = "Ejercicio01", "Ejercicio01\Ejercicio01.csproj", "{74BD3EE5-5627-40EA-A395-4EF773BA63A3}"
EndProject
Project("{FAE04EC0-301F-11D3-BF4B-00C04F79EFBC}") = "Ejercicio02", "Ejercicio02\Ejercicio02.csproj", "{BB91E00D-4392-46E4-9BE6-C3181B2646C7}"
EndProject
Project("{FAE04EC0-301F-11D3-BF4B-00C04F79EFBC}") = "EjercicioClase02", "EjercicioClase02\EjercicioClase02.csproj", "{0EBD75AB-B799-4C2F-AA96-1EF25E2EA9E2}"
EndProject
Project("{FAE04EC0-301F-11D3-BF4B-00C04F79EFBC}") = "Ejercicio03", "Ejercicio03\Ejercicio03.csproj", "{F53298DA-BA75-4843-A174-C499CCEB2CF1}"
EndProject
Project("{FAE04EC0-301F-11D3-BF4B-00C04F79EFBC}") = "Ejercicio04", "Ejercicio04\Ejercicio04.csproj", "{A3B0F532-081D-451E-9135-B6CDA137D9FE}"
EndProject
Project("{FAE04EC0-301F-11D3-BF4B-00C04F79EFBC}") = "Ejercicio05", "Ejercicio05\Ejercicio05.csproj", "{3D64B6D7-ADA5-4992-B7C4-004865BD5E11}"
EndProject
Project("{FAE04EC0-301F-11D3-BF4B-00C04F79EFBC}") = "Ejercicio06", "Ejercicio06\Ejercicio06.csproj", "{FD54B6DD-1C3B-43EA-B655-0A4E6D03F5C2}"
EndProject
Project("{FAE04EC0-301F-11D3-BF4B-00C04F79EFBC}") = "ejercicio07", "ejercicio07\ejercicio07.csproj", "{5E264DC9-8A15-470B-9CCA-BA00FC63A04F}"
EndProject
Project("{FAE04EC0-301F-11D3-BF4B-00C04F79EFBC}") = "EjercicioClase04", "EjercicioClase04\EjercicioClase04.csproj", "{E5143D67-FED3-4B49-BF13-5EB34F69B5BF}"
EndProject
Project("{FAE04EC0-301F-11D3-BF4B-00C04F79EFBC}") = "Ejercicio09", "Ejercicio09\Ejercicio09.csproj", "{A3CFB3E4-3941-47B0-9332-990A8777DB4C}"
EndProject
Project("{FAE04EC0-301F-11D3-BF4B-00C04F79EFBC}") = "Ejercicio10", "Ejercicio10\Ejercicio10.csproj", "{F70D9E4A-18CC-401C-996F-3E4FCEF40532}"
EndProject
Project("{FAE04EC0-301F-11D3-BF4B-00C04F79EFBC}") = "Ejercicio08", "Ejercicio08\Ejercicio08.csproj", "{AEB498BF-5874-455B-929C-121FB77B1671}"
EndProject
Project("{FAE04EC0-301F-11D3-BF4B-00C04F79EFBC}") = "Ejercicio11", "Ejercicio11\Ejercicio11.csproj", "{CD477B8A-DC1E-4EF9-A2A3-CE41193989EE}"
EndProject
Project("{FAE04EC0-301F-11D3-BF4B-00C04F79EFBC}") = "Ejercicio12", "Ejercicio12\Ejercicio12.csproj", "{A0B9EB79-CE6C-4020-9BCC-EAF92DB9120D}"
EndProject
Project("{FAE04EC0-301F-11D3-BF4B-00C04F79EFBC}") = "Ejercicio13", "Ejercicio13\Ejercicio13.csproj", "{FB59CF0B-E110-4960-B010-1FDB543F8FA9}"
EndProject
Project("{FAE04EC0-301F-11D3-BF4B-00C04F79EFBC}") = "Ejercicio14", "Ejercicio14\Ejercicio14.csproj", "{069E8A7E-6C97-44CD-BBDB-A8CE04C9001C}"
EndProject
Project("{FAE04EC0-301F-11D3-BF4B-00C04F79EFBC}") = "Ejercicio15", "Ejercicio15\Ejercicio15.csproj", "{C7F28865-A9E7-45EB-BC35-17EC06B366E8}"
EndProject
Project("{FAE04EC0-301F-11D3-BF4B-00C04F79EFBC}") = "Ejercicio16", "Ejercicio16\Ejercicio16.csproj", "{6914099D-572A-41EB-8EEB-A244F70BAD6A}"
EndProject
Project("{FAE04EC0-301F-11D3-BF4B-00C04F79EFBC}") = "Ejercicio17", "Ejercicio17\Ejercicio17.csproj", "{5C722A31-057F-418C-8194-C0B4414A483E}"
EndProject
Global
	GlobalSection(SolutionConfigurationPlatforms) = preSolution
		Debug|anycpu = Debug|anycpu
		Release|anycpu = Release|anycpu
	EndGlobalSection
	GlobalSection(ProjectConfigurationPlatforms) = postSolution
		{74BD3EE5-5627-40EA-A395-4EF773BA63A3}.Debug|anycpu.ActiveCfg = Debug|anycpu
		{74BD3EE5-5627-40EA-A395-4EF773BA63A3}.Debug|anycpu.Build.0 = Debug|anycpu
		{74BD3EE5-5627-40EA-A395-4EF773BA63A3}.Release|anycpu.ActiveCfg = Release|anycpu
		{74BD3EE5-5627-40EA-A395-4EF773BA63A3}.Release|anycpu.Build.0 = Release|anycpu
		{BB91E00D-4392-46E4-9BE6-C3181B2646C7}.Debug|anycpu.ActiveCfg = Debug|anycpu
		{BB91E00D-4392-46E4-9BE6-C3181B2646C7}.Debug|anycpu.Build.0 = Debug|anycpu
		{BB91E00D-4392-46E4-9BE6-C3181B2646C7}.Release|anycpu.ActiveCfg = Release|anycpu
		{BB91E00D-4392-46E4-9BE6-C3181B2646C7}.Release|anycpu.Build.0 = Release|anycpu
		{0EBD75AB-B799-4C2F-AA96-1EF25E2EA9E2}.Debug|anycpu.ActiveCfg = Debug|anycpu
		{0EBD75AB-B799-4C2F-AA96-1EF25E2EA9E2}.Debug|anycpu.Build.0 = Debug|anycpu
		{0EBD75AB-B799-4C2F-AA96-1EF25E2EA9E2}.Release|anycpu.ActiveCfg = Release|anycpu
		{0EBD75AB-B799-4C2F-AA96-1EF25E2EA9E2}.Release|anycpu.Build.0 = Release|anycpu
		{F53298DA-BA75-4843-A174-C499CCEB2CF1}.Debug|anycpu.ActiveCfg = Debug|anycpu
		{F53298DA-BA75-4843-A174-C499CCEB2CF1}.Debug|anycpu.Build.0 = Debug|anycpu
		{F53298DA-BA75-4843-A174-C499CCEB2CF1}.Release|anycpu.ActiveCfg = Release|anycpu
		{F53298DA-BA75-4843-A174-C499CCEB2CF1}.Release|anycpu.Build.0 = Release|anycpu
		{A3B0F532-081D-451E-9135-B6CDA137D9FE}.Debug|anycpu.ActiveCfg = Debug|anycpu
		{A3B0F532-081D-451E-9135-B6CDA137D9FE}.Debug|anycpu.Build.0 = Debug|anycpu
		{A3B0F532-081D-451E-9135-B6CDA137D9FE}.Release|anycpu.ActiveCfg = Release|anycpu
		{A3B0F532-081D-451E-9135-B6CDA137D9FE}.Release|anycpu.Build.0 = Release|anycpu
		{3D64B6D7-ADA5-4992-B7C4-004865BD5E11}.Debug|anycpu.ActiveCfg = Debug|anycpu
		{3D64B6D7-ADA5-4992-B7C4-004865BD5E11}.Debug|anycpu.Build.0 = Debug|anycpu
		{3D64B6D7-ADA5-4992-B7C4-004865BD5E11}.Release|anycpu.ActiveCfg = Release|anycpu
		{3D64B6D7-ADA5-4992-B7C4-004865BD5E11}.Release|anycpu.Build.0 = Release|anycpu
		{FD54B6DD-1C3B-43EA-B655-0A4E6D03F5C2}.Debug|anycpu.ActiveCfg = Debug|anycpu
		{FD54B6DD-1C3B-43EA-B655-0A4E6D03F5C2}.Debug|anycpu.Build.0 = Debug|anycpu
		{FD54B6DD-1C3B-43EA-B655-0A4E6D03F5C2}.Release|anycpu.ActiveCfg = Release|anycpu
		{FD54B6DD-1C3B-43EA-B655-0A4E6D03F5C2}.Release|anycpu.Build.0 = Release|anycpu
		{5E264DC9-8A15-470B-9CCA-BA00FC63A04F}.Debug|anycpu.ActiveCfg = Debug|anycpu
		{5E264DC9-8A15-470B-9CCA-BA00FC63A04F}.Debug|anycpu.Build.0 = Debug|anycpu
		{5E264DC9-8A15-470B-9CCA-BA00FC63A04F}.Release|anycpu.ActiveCfg = Release|anycpu
		{5E264DC9-8A15-470B-9CCA-BA00FC63A04F}.Release|anycpu.Build.0 = Release|anycpu
		{E5143D67-FED3-4B49-BF13-5EB34F69B5BF}.Debug|anycpu.ActiveCfg = Debug|anycpu
		{E5143D67-FED3-4B49-BF13-5EB34F69B5BF}.Debug|anycpu.Build.0 = Debug|anycpu
		{E5143D67-FED3-4B49-BF13-5EB34F69B5BF}.Release|anycpu.ActiveCfg = Release|anycpu
		{E5143D67-FED3-4B49-BF13-5EB34F69B5BF}.Release|anycpu.Build.0 = Release|anycpu
		{A3CFB3E4-3941-47B0-9332-990A8777DB4C}.Debug|anycpu.ActiveCfg = Debug|anycpu
		{A3CFB3E4-3941-47B0-9332-990A8777DB4C}.Debug|anycpu.Build.0 = Debug|anycpu
		{A3CFB3E4-3941-47B0-9332-990A8777DB4C}.Release|anycpu.ActiveCfg = Release|anycpu
		{A3CFB3E4-3941-47B0-9332-990A8777DB4C}.Release|anycpu.Build.0 = Release|anycpu
		{F70D9E4A-18CC-401C-996F-3E4FCEF40532}.Debug|anycpu.ActiveCfg = Debug|anycpu
		{F70D9E4A-18CC-401C-996F-3E4FCEF40532}.Debug|anycpu.Build.0 = Debug|anycpu
		{F70D9E4A-18CC-401C-996F-3E4FCEF40532}.Release|anycpu.ActiveCfg = Release|anycpu
		{F70D9E4A-18CC-401C-996F-3E4FCEF40532}.Release|anycpu.Build.0 = Release|anycpu
		{AEB498BF-5874-455B-929C-121FB77B1671}.Debug|anycpu.ActiveCfg = Debug|anycpu
		{AEB498BF-5874-455B-929C-121FB77B1671}.Debug|anycpu.Build.0 = Debug|anycpu
		{AEB498BF-5874-455B-929C-121FB77B1671}.Release|anycpu.ActiveCfg = Release|anycpu
		{AEB498BF-5874-455B-929C-121FB77B1671}.Release|anycpu.Build.0 = Release|anycpu
		{CD477B8A-DC1E-4EF9-A2A3-CE41193989EE}.Debug|anycpu.ActiveCfg = Debug|anycpu
		{CD477B8A-DC1E-4EF9-A2A3-CE41193989EE}.Debug|anycpu.Build.0 = Debug|anycpu
		{CD477B8A-DC1E-4EF9-A2A3-CE41193989EE}.Release|anycpu.ActiveCfg = Release|anycpu
		{CD477B8A-DC1E-4EF9-A2A3-CE41193989EE}.Release|anycpu.Build.0 = Release|anycpu
		{A0B9EB79-CE6C-4020-9BCC-EAF92DB9120D}.Debug|anycpu.ActiveCfg = Debug|anycpu
		{A0B9EB79-CE6C-4020-9BCC-EAF92DB9120D}.Debug|anycpu.Build.0 = Debug|anycpu
		{A0B9EB79-CE6C-4020-9BCC-EAF92DB9120D}.Release|anycpu.ActiveCfg = Release|anycpu
		{A0B9EB79-CE6C-4020-9BCC-EAF92DB9120D}.Release|anycpu.Build.0 = Release|anycpu
		{FB59CF0B-E110-4960-B010-1FDB543F8FA9}.Debug|anycpu.ActiveCfg = Debug|anycpu
		{FB59CF0B-E110-4960-B010-1FDB543F8FA9}.Debug|anycpu.Build.0 = Debug|anycpu
		{FB59CF0B-E110-4960-B010-1FDB543F8FA9}.Release|anycpu.ActiveCfg = Release|anycpu
		{FB59CF0B-E110-4960-B010-1FDB543F8FA9}.Release|anycpu.Build.0 = Release|anycpu
		{069E8A7E-6C97-44CD-BBDB-A8CE04C9001C}.Debug|anycpu.ActiveCfg = Debug|anycpu
		{069E8A7E-6C97-44CD-BBDB-A8CE04C9001C}.Debug|anycpu.Build.0 = Debug|anycpu
		{069E8A7E-6C97-44CD-BBDB-A8CE04C9001C}.Release|anycpu.ActiveCfg = Release|anycpu
		{069E8A7E-6C97-44CD-BBDB-A8CE04C9001C}.Release|anycpu.Build.0 = Release|anycpu
		{C7F28865-A9E7-45EB-BC35-17EC06B366E8}.Debug|anycpu.ActiveCfg = Debug|anycpu
		{C7F28865-A9E7-45EB-BC35-17EC06B366E8}.Debug|anycpu.Build.0 = Debug|anycpu
		{C7F28865-A9E7-45EB-BC35-17EC06B366E8}.Release|anycpu.ActiveCfg = Release|anycpu
		{C7F28865-A9E7-45EB-BC35-17EC06B366E8}.Release|anycpu.Build.0 = Release|anycpu
		{6914099D-572A-41EB-8EEB-A244F70BAD6A}.Debug|anycpu.ActiveCfg = Debug|anycpu
		{6914099D-572A-41EB-8EEB-A244F70BAD6A}.Debug|anycpu.Build.0 = Debug|anycpu
		{6914099D-572A-41EB-8EEB-A244F70BAD6A}.Release|anycpu.ActiveCfg = Release|anycpu
		{6914099D-572A-41EB-8EEB-A244F70BAD6A}.Release|anycpu.Build.0 = Release|anycpu
		{5C722A31-057F-418C-8194-C0B4414A483E}.Debug|anycpu.ActiveCfg = Debug|anycpu
		{5C722A31-057F-418C-8194-C0B4414A483E}.Debug|anycpu.Build.0 = Debug|anycpu
		{5C722A31-057F-418C-8194-C0B4414A483E}.Release|anycpu.ActiveCfg = Release|anycpu
		{5C722A31-057F-418C-8194-C0B4414A483E}.Release|anycpu.Build.0 = Release|anycpu
	EndGlobalSection
EndGlobal
